
Microsoft Visual Studio Solution File, Format Version 12.00
# Visual Studio 15
VisualStudioVersion = 15.0.28307.757
MinimumVisualStudioVersion = 10.0.40219.1
Project("{FAE04EC0-301F-11D3-BF4B-00C04F79EFBC}") = "AngularScaffolder", "AngularScaffolder\AngularScaffolder.csproj", "{AB8EB673-FF0C-439E-9817-2C666FDE1926}"
EndProject
Global
	GlobalSection(SolutionConfigurationPlatforms) = preSolution
		Debug|Any CPU = Debug|Any CPU
		Release|Any CPU = Release|Any CPU
	EndGlobalSection
	GlobalSection(ProjectConfigurationPlatforms) = postSolution
		{AB8EB673-FF0C-439E-9817-2C666FDE1926}.Debug|Any CPU.ActiveCfg = Debug|Any CPU
		{AB8EB673-FF0C-439E-9817-2C666FDE1926}.Debug|Any CPU.Build.0 = Debug|Any CPU
		{AB8EB673-FF0C-439E-9817-2C666FDE1926}.Release|Any CPU.ActiveCfg = Release|Any CPU
		{AB8EB673-FF0C-439E-9817-2C666FDE1926}.Release|Any CPU.Build.0 = Release|Any CPU
	EndGlobalSection
	GlobalSection(SolutionProperties) = preSolution
		HideSolutionNode = FALSE
	EndGlobalSection
	GlobalSection(ExtensibilityGlobals) = postSolution
		SolutionGuid = {AF49DD4A-6524-414F-AAEF-D8F7FF75765A}
	EndGlobalSection
EndGlobal
